
Microsoft Visual Studio Solution File, Format Version 12.00
# Visual Studio Version 17
VisualStudioVersion = 17.10.35004.147
MinimumVisualStudioVersion = 10.0.40219.1
Project("{FAE04EC0-301F-11D3-BF4B-00C04F79EFBC}") = "DqdK22CNT3lesson11_2210900139", "DqdK22CNT3lesson11_2210900139\DqdK22CNT3lesson11_2210900139.csproj", "{AE022FEE-EDEF-4694-8111-CF9E2DC14F72}"
EndProject
Global
	GlobalSection(SolutionConfigurationPlatforms) = preSolution
		Debug|Any CPU = Debug|Any CPU
		Release|Any CPU = Release|Any CPU
	EndGlobalSection
	GlobalSection(ProjectConfigurationPlatforms) = postSolution
		{AE022FEE-EDEF-4694-8111-CF9E2DC14F72}.Debug|Any CPU.ActiveCfg = Debug|Any CPU
		{AE022FEE-EDEF-4694-8111-CF9E2DC14F72}.Debug|Any CPU.Build.0 = Debug|Any CPU
		{AE022FEE-EDEF-4694-8111-CF9E2DC14F72}.Release|Any CPU.ActiveCfg = Release|Any CPU
		{AE022FEE-EDEF-4694-8111-CF9E2DC14F72}.Release|Any CPU.Build.0 = Release|Any CPU
	EndGlobalSection
	GlobalSection(SolutionProperties) = preSolution
		HideSolutionNode = FALSE
	EndGlobalSection
	GlobalSection(ExtensibilityGlobals) = postSolution
		SolutionGuid = {D7ABB63E-3DE9-4BB0-B15A-FFA634549A6F}
	EndGlobalSection
EndGlobal
